PATH
  remote: .
  specs:
    css_parser (1.20.0)
      addressable

GEM
  remote: https://rubygems.org/
  specs:
    addressable (2.8.6)
      public_suffix (>= 2.0.2, < 6.0)
    ast (2.4.2)
    benchmark-ips (2.13.0)
    bump (0.10.0)
    json (2.7.2)
    json (2.7.2-java)
    language_server-protocol (3.17.0.3)
    maxitest (4.5.0)
      minitest (>= 5.0.0, < 5.19.0)
    memory_profiler (1.0.1)
    minitest (5.18.1)
    parallel (1.24.0)
    parser (3.3.0.5)
      ast (~> 2.4.1)
      racc
    public_suffix (5.0.5)
    racc (1.7.3)
    racc (1.7.3-java)
    rainbow (3.1.1)
    rake (13.2.1)
    regexp_parser (2.9.0)
    rexml (3.2.6)
    rubocop (1.62.1)
      json (~> 2.3)
      language_server-protocol (>= 3.17.0)
      parallel (~> 1.10)
      parser (>= 3.3.0.2)
      rainbow (>= 2.2.2, < 4.0)
      regexp_parser (>= 1.8, < 3.0)
      rexml (>= 3.2.5, < 4.0)
      rubocop-ast (>= 1.31.1, < 2.0)
      ruby-progressbar (~> 1.7)
      unicode-display_width (>= 2.4.0, < 3.0)
    rubocop-ast (1.31.2)
      parser (>= 3.3.0.4)
    rubocop-rake (0.6.0)
      rubocop (~> 1.0)
    ruby-progressbar (1.13.0)
    unicode-display_width (2.5.0)
    webrick (1.8.1)

PLATFORMS
  java
  ruby

DEPENDENCIES
  benchmark-ips
  bump
  css_parser!
  maxitest
  memory_profiler
  rake
  rubocop
  rubocop-rake
  webrick

BUNDLED WITH
   2.4.12
